
Microsoft Visual Studio Solution File, Format Version 12.00
# Visual Studio Version 16
VisualStudioVersion = 16.0.29009.5
MinimumVisualStudioVersion = 10.0.40219.1
Project("{FAE04EC0-301F-11D3-BF4B-00C04F79EFBC}") = "BookStore.Web", "BookStore.Web\BookStore.Web.csproj", "{9CEC3069-A105-4B3B-9EFD-F8836AB439A3}"
EndProject
Global
	GlobalSection(SolutionConfigurationPlatforms) = preSolution
		Debug|Any CPU = Debug|Any CPU
		Release|Any CPU = Release|Any CPU
	EndGlobalSection
	GlobalSection(ProjectConfigurationPlatforms) = postSolution
		{9CEC3069-A105-4B3B-9EFD-F8836AB439A3}.Debug|Any CPU.ActiveCfg = Debug|Any CPU
		{9CEC3069-A105-4B3B-9EFD-F8836AB439A3}.Debug|Any CPU.Build.0 = Debug|Any CPU
		{9CEC3069-A105-4B3B-9EFD-F8836AB439A3}.Release|Any CPU.ActiveCfg = Release|Any CPU
		{9CEC3069-A105-4B3B-9EFD-F8836AB439A3}.Release|Any CPU.Build.0 = Release|Any CPU
	EndGlobalSection
	GlobalSection(SolutionProperties) = preSolution
		HideSolutionNode = FALSE
	EndGlobalSection
	GlobalSection(ExtensibilityGlobals) = postSolution
		SolutionGuid = {4F9B7DDF-69DC-45BE-811A-DBB4470F7D35}
	EndGlobalSection
EndGlobal
